
Microsoft Visual Studio Solution File, Format Version 12.00
# Visual Studio Version 17
VisualStudioVersion = 17.11.35222.181
MinimumVisualStudioVersion = 10.0.40219.1
Project("{FAE04EC0-301F-11D3-BF4B-00C04F79EFBC}") = "EFModelsReferncesApp", "EFModelsReferncesApp\EFModelsReferncesApp.csproj", "{D86FE509-0973-418F-B66F-DC2BB68701FF}"
EndProject
Project("{FAE04EC0-301F-11D3-BF4B-00C04F79EFBC}") = "EFLinqApp", "EFLinqApp\EFLinqApp.csproj", "{2E269DB0-DA9B-4543-BE8C-B2CBEC860455}"
EndProject
Global
	GlobalSection(SolutionConfigurationPlatforms) = preSolution
		Debug|Any CPU = Debug|Any CPU
		Release|Any CPU = Release|Any CPU
	EndGlobalSection
	GlobalSection(ProjectConfigurationPlatforms) = postSolution
		{D86FE509-0973-418F-B66F-DC2BB68701FF}.Debug|Any CPU.ActiveCfg = Debug|Any CPU
		{D86FE509-0973-418F-B66F-DC2BB68701FF}.Debug|Any CPU.Build.0 = Debug|Any CPU
		{D86FE509-0973-418F-B66F-DC2BB68701FF}.Release|Any CPU.ActiveCfg = Release|Any CPU
		{D86FE509-0973-418F-B66F-DC2BB68701FF}.Release|Any CPU.Build.0 = Release|Any CPU
		{2E269DB0-DA9B-4543-BE8C-B2CBEC860455}.Debug|Any CPU.ActiveCfg = Debug|Any CPU
		{2E269DB0-DA9B-4543-BE8C-B2CBEC860455}.Debug|Any CPU.Build.0 = Debug|Any CPU
		{2E269DB0-DA9B-4543-BE8C-B2CBEC860455}.Release|Any CPU.ActiveCfg = Release|Any CPU
		{2E269DB0-DA9B-4543-BE8C-B2CBEC860455}.Release|Any CPU.Build.0 = Release|Any CPU
	EndGlobalSection
	GlobalSection(SolutionProperties) = preSolution
		HideSolutionNode = FALSE
	EndGlobalSection
	GlobalSection(ExtensibilityGlobals) = postSolution
		SolutionGuid = {BFDD625E-5D5B-4F0A-B382-F954369967CB}
	EndGlobalSection
EndGlobal
